
Microsoft Visual Studio Solution File, Format Version 12.00
# Visual Studio Version 16
VisualStudioVersion = 16.0.29006.145
MinimumVisualStudioVersion = 10.0.40219.1
Project("{FAE04EC0-301F-11D3-BF4B-00C04F79EFBC}") = "Mors.Maybes", "Mors.Maybes\Mors.Maybes.csproj", "{48BA17F7-5181-450F-8977-4AEBB4D8948F}"
EndProject
Project("{FAE04EC0-301F-11D3-BF4B-00C04F79EFBC}") = "Mors.Maybes.Test", "Mors.Maybes.Test\Mors.Maybes.Test.csproj", "{DD9782B8-B31D-4F79-BD24-6BA4172A0C06}"
EndProject
Global
	GlobalSection(SolutionConfigurationPlatforms) = preSolution
		Debug|Any CPU = Debug|Any CPU
		Release|Any CPU = Release|Any CPU
	EndGlobalSection
	GlobalSection(ProjectConfigurationPlatforms) = postSolution
		{48BA17F7-5181-450F-8977-4AEBB4D8948F}.Debug|Any CPU.ActiveCfg = Debug|Any CPU
		{48BA17F7-5181-450F-8977-4AEBB4D8948F}.Debug|Any CPU.Build.0 = Debug|Any CPU
		{48BA17F7-5181-450F-8977-4AEBB4D8948F}.Release|Any CPU.ActiveCfg = Release|Any CPU
		{48BA17F7-5181-450F-8977-4AEBB4D8948F}.Release|Any CPU.Build.0 = Release|Any CPU
		{DD9782B8-B31D-4F79-BD24-6BA4172A0C06}.Debug|Any CPU.ActiveCfg = Debug|Any CPU
		{DD9782B8-B31D-4F79-BD24-6BA4172A0C06}.Debug|Any CPU.Build.0 = Debug|Any CPU
		{DD9782B8-B31D-4F79-BD24-6BA4172A0C06}.Release|Any CPU.ActiveCfg = Release|Any CPU
		{DD9782B8-B31D-4F79-BD24-6BA4172A0C06}.Release|Any CPU.Build.0 = Release|Any CPU
	EndGlobalSection
	GlobalSection(SolutionProperties) = preSolution
		HideSolutionNode = FALSE
	EndGlobalSection
	GlobalSection(ExtensibilityGlobals) = postSolution
		SolutionGuid = {5148DD0B-D602-49DD-9EAE-D1B1C86480E3}
	EndGlobalSection
EndGlobal
